// !$*UTF8*$!
{
	archiveVersion = 1;
	classes = {
	};
	objectVersion = 77;
	objects = {

/* Begin PBXBuildFile section */
		BA51AB942F4AF0D400FB5259 /* FirebaseAuth in Frameworks */ = {isa = PBXBuildFile; productRef = BA51AB932F4AF0D400FB5259 /* FirebaseAuth */; };
		BA51ABA32F4C191900FB5259 /* SignInAppleAsync in Frameworks */ = {isa = PBXBuildFile; productRef = BA51ABA22F4C191900FB5259 /* SignInAppleAsync */; };
		BA51ABB32F4EFEF900FB5259 /* FirebaseFirestore in Frameworks */ = {isa = PBXBuildFile; productRef = BA51ABB22F4EFEF900FB5259 /* FirebaseFirestore */; };
		BA973DE22F29FC3400FE89D0 /* SDWebImageSwiftUI in Frameworks */ = {isa = PBXBuildFile; productRef = BA973DE12F29FC3400FE89D0 /* SDWebImageSwiftUI */; };
/* End PBXBuildFile section */

/* Begin PBXContainerItemProxy section */
		BA7C12D52F28D61D001A2FF8 /* PBXContainerItemProxy */ = {
			isa = PBXContainerItemProxy;
			containerPortal = BA7C12BF2F28D61C001A2FF8 /* Project object */;
			proxyType = 1;
			remoteGlobalIDString = BA7C12C62F28D61C001A2FF8;
			remoteInfo = AiChatApp;
		};
		BA7C12DF2F28D61D001A2FF8 /* PBXContainerItemProxy */ = {
			isa = PBXContainerItemProxy;
			containerPortal = BA7C12BF2F28D61C001A2FF8 /* Project object */;
			proxyType = 1;
			remoteGlobalIDString = BA7C12C62F28D61C001A2FF8;
			remoteInfo = AiChatApp;
		};
/* End PBXContainerItemProxy section */

/* Begin PBXFileReference section */
		BA7C12C72F28D61C001A2FF8 /* AiChatApp.app */ = {isa = PBXFileReference; explicitFileType = wrapper.application; includeInIndex = 0; path = AiChatApp.app; sourceTree = BUILT_PRODUCTS_DIR; };
		BA7C12D42F28D61D001A2FF8 /* AiChatAppTests.xctest */ = {isa = PBXFileReference; explicitFileType = wrapper.cfbundle; includeInIndex = 0; path = AiChatAppTests.xctest; sourceTree = BUILT_PRODUCTS_DIR; };
		BA7C12DE2F28D61D001A2FF8 /* AiChatAppUITests.xctest */ = {isa = PBXFileReference; explicitFileType = wrapper.cfbundle; includeInIndex = 0; path = AiChatAppUITests.xctest; sourceTree = BUILT_PRODUCTS_DIR; };
/* End PBXFileReference section */

/* Begin PBXFileSystemSynchronizedRootGroup section */
		BA7C12C92F28D61C001A2FF8 /* AiChatApp */ = {
			isa = PBXFileSystemSynchronizedRootGroup;
			path = AiChatApp;
			sourceTree = "<group>";
		};
		BA7C12D72F28D61D001A2FF8 /* AiChatAppTests */ = {
			isa = PBXFileSystemSynchronizedRootGroup;
			path = AiChatAppTests;
			sourceTree = "<group>";
		};
		BA7C12E12F28D61D001A2FF8 /* AiChatAppUITests */ = {
			isa = PBXFileSystemSynchronizedRootGroup;
			path = AiChatAppUITests;
			sourceTree = "<group>";
		};
/* End PBXFileSystemSynchronizedRootGroup section */

/* Begin PBXFrameworksBuildPhase section */
		BA7C12C42F28D61C001A2FF8 /* Frameworks */ = {
			isa = PBXFrameworksBuildPhase;
			buildActionMask = 2147483647;
			files = (
				BA973DE22F29FC3400FE89D0 /* SDWebImageSwiftUI in Frameworks */,
				BA51ABB32F4EFEF900FB5259 /* FirebaseFirestore in Frameworks */,
				BA51AB942F4AF0D400FB5259 /* FirebaseAuth in Frameworks */,
				BA51ABA32F4C191900FB5259 /* SignInAppleAsync in Frameworks */,
			);
			runOnlyForDeploymentPostprocessing = 0;
		};
		BA7C12D12F28D61D001A2FF8 /* Frameworks */ = {
			isa = PBXFrameworksBuildPhase;
			buildActionMask = 2147483647;
			files = (
			);
			runOnlyForDeploymentPostprocessing = 0;
		};
		BA7C12DB2F28D61D001A2FF8 /* Frameworks */ = {
			isa = PBXFrameworksBuildPhase;
			buildActionMask = 2147483647;
			files = (
			);
			runOnlyForDeploymentPostprocessing = 0;
		};
/* End PBXFrameworksBuildPhase section */

/* Begin PBXGroup section */
		BA51ABB12F4EFEF900FB5259 /* Frameworks */ = {
			isa = PBXGroup;
			children = (
			);
			name = Frameworks;
			sourceTree = "<group>";
		};
		BA7C12BE2F28D61C001A2FF8 = {
			isa = PBXGroup;
			children = (
				BA7C12C92F28D61C001A2FF8 /* AiChatApp */,
				BA7C12D72F28D61D001A2FF8 /* AiChatAppTests */,
				BA7C12E12F28D61D001A2FF8 /* AiChatAppUITests */,
				BA51ABB12F4EFEF900FB5259 /* Frameworks */,
				BA7C12C82F28D61C001A2FF8 /* Products */,
			);
			sourceTree = "<group>";
		};
		BA7C12C82F28D61C001A2FF8 /* Products */ = {
			isa = PBXGroup;
			children = (
				BA7C12C72F28D61C001A2FF8 /* AiChatApp.app */,
				BA7C12D42F28D61D001A2FF8 /* AiChatAppTests.xctest */,
				BA7C12DE2F28D61D001A2FF8 /* AiChatAppUITests.xctest */,
			);
			name = Products;
			sourceTree = "<group>";
		};
/* End PBXGroup section */

/* Begin PBXNativeTarget section */
		BA7C12C62F28D61C001A2FF8 /* AiChatApp */ = {
			isa = PBXNativeTarget;
			buildConfigurationList = BA7C12E82F28D61D001A2FF8 /* Build configuration list for PBXNativeTarget "AiChatApp" */;
			buildPhases = (
				BA7C12C32F28D61C001A2FF8 /* Sources */,
				BA7C12C42F28D61C001A2FF8 /* Frameworks */,
				BA7C12C52F28D61C001A2FF8 /* Resources */,
			);
			buildRules = (
			);
			dependencies = (
			);
			fileSystemSynchronizedGroups = (
				BA7C12C92F28D61C001A2FF8 /* AiChatApp */,
			);
			name = AiChatApp;
			packageProductDependencies = (
				BA973DE12F29FC3400FE89D0 /* SDWebImageSwiftUI */,
				BA51AB932F4AF0D400FB5259 /* FirebaseAuth */,
				BA51ABA22F4C191900FB5259 /* SignInAppleAsync */,
				BA51ABB22F4EFEF900FB5259 /* FirebaseFirestore */,
			);
			productName = AiChatApp;
			productReference = BA7C12C72F28D61C001A2FF8 /* AiChatApp.app */;
			productType = "com.apple.product-type.application";
		};
		BA7C12D32F28D61D001A2FF8 /* AiChatAppTests */ = {
			isa = PBXNativeTarget;
			buildConfigurationList = BA7C12EB2F28D61D001A2FF8 /* Build configuration list for PBXNativeTarget "AiChatAppTests" */;
			buildPhases = (
				BA7C12D02F28D61D001A2FF8 /* Sources */,
				BA7C12D12F28D61D001A2FF8 /* Frameworks */,
				BA7C12D22F28D61D001A2FF8 /* Resources */,
			);
			buildRules = (
			);
			dependencies = (
				BA7C12D62F28D61D001A2FF8 /* PBXTargetDependency */,
			);
			fileSystemSynchronizedGroups = (
				BA7C12D72F28D61D001A2FF8 /* AiChatAppTests */,
			);
			name = AiChatAppTests;
			packageProductDependencies = (
			);
			productName = AiChatAppTests;
			productReference = BA7C12D42F28D61D001A2FF8 /* AiChatAppTests.xctest */;
			productType = "com.apple.product-type.bundle.unit-test";
		};
		BA7C12DD2F28D61D001A2FF8 /* AiChatAppUITests */ = {
			isa = PBXNativeTarget;
			buildConfigurationList = BA7C12EE2F28D61D001A2FF8 /* Build configuration list for PBXNativeTarget "AiChatAppUITests" */;
			buildPhases = (
				BA7C12DA2F28D61D001A2FF8 /* Sources */,
				BA7C12DB2F28D61D001A2FF8 /* Frameworks */,
				BA7C12DC2F28D61D001A2FF8 /* Resources */,
			);
			buildRules = (
			);
			dependencies = (
				BA7C12E02F28D61D001A2FF8 /* PBXTargetDependency */,
			);
			fileSystemSynchronizedGroups = (
				BA7C12E12F28D61D001A2FF8 /* AiChatAppUITests */,
			);
			name = AiChatAppUITests;
			packageProductDependencies = (
			);
			productName = AiChatAppUITests;
			productReference = BA7C12DE2F28D61D001A2FF8 /* AiChatAppUITests.xctest */;
			productType = "com.apple.product-type.bundle.ui-testing";
		};
/* End PBXNativeTarget section */

/* Begin PBXProject section */
		BA7C12BF2F28D61C001A2FF8 /* Project object */ = {
			isa = PBXProject;
			attributes = {
				BuildIndependentTargetsInParallel = 1;
				LastSwiftUpdateCheck = 2600;
				LastUpgradeCheck = 2600;
				TargetAttributes = {
					BA7C12C62F28D61C001A2FF8 = {
						CreatedOnToolsVersion = 26.0.1;
					};
					BA7C12D32F28D61D001A2FF8 = {
						CreatedOnToolsVersion = 26.0.1;
						TestTargetID = BA7C12C62F28D61C001A2FF8;
					};
					BA7C12DD2F28D61D001A2FF8 = {
						CreatedOnToolsVersion = 26.0.1;
						TestTargetID = BA7C12C62F28D61C001A2FF8;
					};
				};
			};
			buildConfigurationList = BA7C12C22F28D61C001A2FF8 /* Build configuration list for PBXProject "AiChatApp" */;
			developmentRegion = en;
			hasScannedForEncodings = 0;
			knownRegions = (
				en,
				Base,
			);
			mainGroup = BA7C12BE2F28D61C001A2FF8;
			minimizedProjectReferenceProxies = 1;
			packageReferences = (
				BA973DE02F29FC3400FE89D0 /* XCRemoteSwiftPackageReference "SDWebImageSwiftUI" */,
				BA51AB922F4AF0D400FB5259 /* XCRemoteSwiftPackageReference "firebase-ios-sdk" */,
				BA51ABA12F4C191900FB5259 /* XCRemoteSwiftPackageReference "SignInAppleAsync" */,
			);
			preferredProjectObjectVersion = 77;
			productRefGroup = BA7C12C82F28D61C001A2FF8 /* Products */;
			projectDirPath = "";
			projectRoot = "";
			targets = (
				BA7C12C62F28D61C001A2FF8 /* AiChatApp */,
				BA7C12D32F28D61D001A2FF8 /* AiChatAppTests */,
				BA7C12DD2F28D61D001A2FF8 /* AiChatAppUITests */,
			);
		};
/* End PBXProject section */

/* Begin PBXResourcesBuildPhase section */
		BA7C12C52F28D61C001A2FF8 /* Resources */ = {
			isa = PBXResourcesBuildPhase;
			buildActionMask = 2147483647;
			files = (
			);
			runOnlyForDeploymentPostprocessing = 0;
		};
		BA7C12D22F28D61D001A2FF8 /* Resources */ = {
			isa = PBXResourcesBuildPhase;
			buildActionMask = 2147483647;
			files = (
			);
			runOnlyForDeploymentPostprocessing = 0;
		};
		BA7C12DC2F28D61D001A2FF8 /* Resources */ = {
			isa = PBXResourcesBuildPhase;
			buildActionMask = 2147483647;
			files = (
			);
			runOnlyForDeploymentPostprocessing = 0;
		};
/* End PBXResourcesBuildPhase section */

/* Begin PBXSourcesBuildPhase section */
		BA7C12C32F28D61C001A2FF8 /* Sources */ = {
			isa = PBXSourcesBuildPhase;
			buildActionMask = 2147483647;
			files = (
			);
			runOnlyForDeploymentPostprocessing = 0;
		};
		BA7C12D02F28D61D001A2FF8 /* Sources */ = {
			isa = PBXSourcesBuildPhase;
			buildActionMask = 2147483647;
			files = (
			);
			runOnlyForDeploymentPostprocessing = 0;
		};
		BA7C12DA2F28D61D001A2FF8 /* Sources */ = {
			isa = PBXSourcesBuildPhase;
			buildActionMask = 2147483647;
			files = (
			);
			runOnlyForDeploymentPostprocessing = 0;
		};
/* End PBXSourcesBuildPhase section */

/* Begin PBXTargetDependency section */
		BA7C12D62F28D61D001A2FF8 /* PBXTargetDependency */ = {
			isa = PBXTargetDependency;
			target = BA7C12C62F28D61C001A2FF8 /* AiChatApp */;
			targetProxy = BA7C12D52F28D61D001A2FF8 /* PBXContainerItemProxy */;
		};
		BA7C12E02F28D61D001A2FF8 /* PBXTargetDependency */ = {
			isa = PBXTargetDependency;
			target = BA7C12C62F28D61C001A2FF8 /* AiChatApp */;
			targetProxy = BA7C12DF2F28D61D001A2FF8 /* PBXContainerItemProxy */;
		};
/* End PBXTargetDependency section */

/* Begin XCBuildConfiguration section */
		BA7C12E62F28D61D001A2FF8 /* Debug */ = {
			isa = XCBuildConfiguration;
			buildSettings = {
				ALWAYS_SEARCH_USER_PATHS = NO;
				ASSETCATALOG_COMPILER_GENERATE_SWIFT_ASSET_SYMBOL_EXTENSIONS = YES;
				CLANG_ANALYZER_NONNULL = YES;
				CLANG_ANALYZER_NUMBER_OBJECT_CONVERSION = YES_AGGRESSIVE;
				CLANG_CXX_LANGUAGE_STANDARD = "gnu++20";
				CLANG_ENABLE_MODULES = YES;
				CLANG_ENABLE_OBJC_ARC = YES;
				CLANG_ENABLE_OBJC_WEAK = YES;
				CLANG_WARN_BLOCK_CAPTURE_AUTORELEASING = YES;
				CLANG_WARN_BOOL_CONVERSION = YES;
				CLANG_WARN_COMMA = YES;
				CLANG_WARN_CONSTANT_CONVERSION = YES;
				CLANG_WARN_DEPRECATED_OBJC_IMPLEMENTATIONS = YES;
				CLANG_WARN_DIRECT_OBJC_ISA_USAGE = YES_ERROR;
				CLANG_WARN_DOCUMENTATION_COMMENTS = YES;
				CLANG_WARN_EMPTY_BODY = YES;
				CLANG_WARN_ENUM_CONVERSION = YES;
				CLANG_WARN_INFINITE_RECURSION = YES;
				CLANG_WARN_INT_CONVERSION = YES;
				CLANG_WARN_NON_LITERAL_NULL_CONVERSION = YES;
				CLANG_WARN_OBJC_IMPLICIT_RETAIN_SELF = YES;
				CLANG_WARN_OBJC_LITERAL_CONVERSION = YES;
				CLANG_WARN_OBJC_ROOT_CLASS = YES_ERROR;
				CLANG_WARN_QUOTED_INCLUDE_IN_FRAMEWORK_HEADER = YES;
				CLANG_WARN_RANGE_LOOP_ANALYSIS = YES;
				CLANG_WARN_STRICT_PROTOTYPES = YES;
				CLANG_WARN_SUSPICIOUS_MOVE = YES;
				CLANG_WARN_UNGUARDED_AVAILABILITY = YES_AGGRESSIVE;
				CLANG_WARN_UNREACHABLE_CODE = YES;
				CLANG_WARN__DUPLICATE_METHOD_MATCH = YES;
				COPY_PHASE_STRIP = NO;
				DEBUG_INFORMATION_FORMAT = dwarf;
				ENABLE_STRICT_OBJC_MSGSEND = YES;
				ENABLE_TESTABILITY = YES;
				ENABLE_USER_SCRIPT_SANDBOXING = YES;
				GCC_C_LANGUAGE_STANDARD = gnu17;
				GCC_DYNAMIC_NO_PIC = NO;
				GCC_NO_COMMON_BLOCKS = YES;
				GCC_OPTIMIZATION_LEVEL = 0;
				GCC_PREPROCESSOR_DEFINITIONS = (
					"DEBUG=1",
					"$(inherited)",
				);
				GCC_WARN_64_TO_32_BIT_CONVERSION = YES;
				GCC_WARN_ABOUT_RETURN_TYPE = YES_ERROR;
				GCC_WARN_UNDECLARED_SELECTOR = YES;
				GCC_WARN_UNINITIALIZED_AUTOS = YES_AGGRESSIVE;
				GCC_WARN_UNUSED_FUNCTION = YES;
				GCC_WARN_UNUSED_VARIABLE = YES;
				IPHONEOS_DEPLOYMENT_TARGET = 26.0;
				LOCALIZATION_PREFERS_STRING_CATALOGS = YES;
				MTL_ENABLE_DEBUG_INFO = INCLUDE_SOURCE;
				MTL_FAST_MATH = YES;
				ONLY_ACTIVE_ARCH = YES;
				SDKROOT = iphoneos;
				SWIFT_ACTIVE_COMPILATION_CONDITIONS = "DEBUG $(inherited)";
				SWIFT_OPTIMIZATION_LEVEL = "-Onone";
			};
			name = Debug;
		};
		BA7C12E72F28D61D001A2FF8 /* Release */ = {
			isa = XCBuildConfiguration;
			buildSettings = {
				ALWAYS_SEARCH_USER_PATHS = NO;
				ASSETCATALOG_COMPILER_GENERATE_SWIFT_ASSET_SYMBOL_EXTENSIONS = YES;
				CLANG_ANALYZER_NONNULL = YES;
				CLANG_ANALYZER_NUMBER_OBJECT_CONVERSION = YES_AGGRESSIVE;
				CLANG_CXX_LANGUAGE_STANDARD = "gnu++20";
				CLANG_ENABLE_MODULES = YES;
				CLANG_ENABLE_OBJC_ARC = YES;
				CLANG_ENABLE_OBJC_WEAK = YES;
				CLANG_WARN_BLOCK_CAPTURE_AUTORELEASING = YES;
				CLANG_WARN_BOOL_CONVERSION = YES;
				CLANG_WARN_COMMA = YES;
				CLANG_WARN_CONSTANT_CONVERSION = YES;
				CLANG_WARN_DEPRECATED_OBJC_IMPLEMENTATIONS = YES;
				CLANG_WARN_DIRECT_OBJC_ISA_USAGE = YES_ERROR;
				CLANG_WARN_DOCUMENTATION_COMMENTS = YES;
				CLANG_WARN_EMPTY_BODY = YES;
				CLANG_WARN_ENUM_CONVERSION = YES;
				CLANG_WARN_INFINITE_RECURSION = YES;
				CLANG_WARN_INT_CONVERSION = YES;
				CLANG_WARN_NON_LITERAL_NULL_CONVERSION = YES;
				CLANG_WARN_OBJC_IMPLICIT_RETAIN_SELF = YES;
				CLANG_WARN_OBJC_LITERAL_CONVERSION = YES;
				CLANG_WARN_OBJC_ROOT_CLASS = YES_ERROR;
				CLANG_WARN_QUOTED_INCLUDE_IN_FRAMEWORK_HEADER = YES;
				CLANG_WARN_RANGE_LOOP_ANALYSIS = YES;
				CLANG_WARN_STRICT_PROTOTYPES = YES;
				CLANG_WARN_SUSPICIOUS_MOVE = YES;
				CLANG_WARN_UNGUARDED_AVAILABILITY = YES_AGGRESSIVE;
				CLANG_WARN_UNREACHABLE_CODE = YES;
				CLANG_WARN__DUPLICATE_METHOD_MATCH = YES;
				COPY_PHASE_STRIP = NO;
				DEBUG_INFORMATION_FORMAT = "dwarf-with-dsym";
				ENABLE_NS_ASSERTIONS = NO;
				ENABLE_STRICT_OBJC_MSGSEND = YES;
				ENABLE_USER_SCRIPT_SANDBOXING = YES;
				GCC_C_LANGUAGE_STANDARD = gnu17;
				GCC_NO_COMMON_BLOCKS = YES;
				GCC_WARN_64_TO_32_BIT_CONVERSION = YES;
				GCC_WARN_ABOUT_RETURN_TYPE = YES_ERROR;
				GCC_WARN_UNDECLARED_SELECTOR = YES;
				GCC_WARN_UNINITIALIZED_AUTOS = YES_AGGRESSIVE;
				GCC_WARN_UNUSED_FUNCTION = YES;
				GCC_WARN_UNUSED_VARIABLE = YES;
				IPHONEOS_DEPLOYMENT_TARGET = 26.0;
				LOCALIZATION_PREFERS_STRING_CATALOGS = YES;
				MTL_ENABLE_DEBUG_INFO = NO;
				MTL_FAST_MATH = YES;
				SDKROOT = iphoneos;
				SWIFT_COMPILATION_MODE = wholemodule;
				VALIDATE_PRODUCT = YES;
			};
			name = Release;
		};
		BA7C12E92F28D61D001A2FF8 /* Debug */ = {
			isa = XCBuildConfiguration;
			buildSettings = {
				ASSETCATALOG_COMPILER_APPICON_NAME = AppIcon;
				ASSETCATALOG_COMPILER_GLOBAL_ACCENT_COLOR_NAME = AccentColor;
				CODE_SIGN_STYLE = Automatic;
				CURRENT_PROJECT_VERSION = 1;
				ENABLE_PREVIEWS = YES;
				GENERATE_INFOPLIST_FILE = YES;
				INFOPLIST_KEY_CFBundleDisplayName = "Ai Chat";
				INFOPLIST_KEY_UIApplicationSceneManifest_Generation = YES;
				INFOPLIST_KEY_UIApplicationSupportsIndirectInputEvents = YES;
				INFOPLIST_KEY_UILaunchScreen_Generation = YES;
				INFOPLIST_KEY_UILaunchStoryboardName = LaunchScreen;
				INFOPLIST_KEY_UISupportedInterfaceOrientations_iPad = "UIInterfaceOrientationPortrait UIInterfaceOrientationPortraitUpsideDown UIInterfaceOrientationLandscapeLeft UIInterfaceOrientationLandscapeRight";
				INFOPLIST_KEY_UISupportedInterfaceOrientations_iPhone = "UIInterfaceOrientationPortrait UIInterfaceOrientationLandscapeLeft UIInterfaceOrientationLandscapeRight";
				IPHONEOS_DEPLOYMENT_TARGET = 17.6;
				LD_RUNPATH_SEARCH_PATHS = (
					"$(inherited)",
					"@executable_path/Frameworks",
				);
				MARKETING_VERSION = 1.0;
				PRODUCT_BUNDLE_IDENTIFIER = sav.AiChatApp;
				PRODUCT_NAME = "$(TARGET_NAME)";
				STRING_CATALOG_GENERATE_SYMBOLS = YES;
				SUPPORTED_PLATFORMS = "iphoneos iphonesimulator";
				SUPPORTS_MACCATALYST = YES;
				SUPPORTS_MAC_DESIGNED_FOR_IPHONE_IPAD = NO;
				SUPPORTS_XR_DESIGNED_FOR_IPHONE_IPAD = NO;
				SWIFT_APPROACHABLE_CONCURRENCY = YES;
				SWIFT_DEFAULT_ACTOR_ISOLATION = MainActor;
				SWIFT_EMIT_LOC_STRINGS = YES;
				SWIFT_UPCOMING_FEATURE_MEMBER_IMPORT_VISIBILITY = YES;
				SWIFT_VERSION = 6.0;
				TARGETED_DEVICE_FAMILY = "1,2";
			};
			name = Debug;
		};
		BA7C12EA2F28D61D001A2FF8 /* Release */ = {
			isa = XCBuildConfiguration;
			buildSettings = {
				ASSETCATALOG_COMPILER_APPICON_NAME = AppIcon;
				ASSETCATALOG_COMPILER_GLOBAL_ACCENT_COLOR_NAME = AccentColor;
				CODE_SIGN_STYLE = Automatic;
				CURRENT_PROJECT_VERSION = 1;
				ENABLE_PREVIEWS = YES;
				GENERATE_INFOPLIST_FILE = YES;
				INFOPLIST_KEY_CFBundleDisplayName = "Ai Chat";
				INFOPLIST_KEY_UIApplicationSceneManifest_Generation = YES;
				INFOPLIST_KEY_UIApplicationSupportsIndirectInputEvents = YES;
				INFOPLIST_KEY_UILaunchScreen_Generation = YES;
				INFOPLIST_KEY_UILaunchStoryboardName = LaunchScreen;
				INFOPLIST_KEY_UISupportedInterfaceOrientations_iPad = "UIInterfaceOrientationPortrait UIInterfaceOrientationPortraitUpsideDown UIInterfaceOrientationLandscapeLeft UIInterfaceOrientationLandscapeRight";
				INFOPLIST_KEY_UISupportedInterfaceOrientations_iPhone = "UIInterfaceOrientationPortrait UIInterfaceOrientationLandscapeLeft UIInterfaceOrientationLandscapeRight";
				IPHONEOS_DEPLOYMENT_TARGET = 17.6;
				LD_RUNPATH_SEARCH_PATHS = (
					"$(inherited)",
					"@executable_path/Frameworks",
				);
				MARKETING_VERSION = 1.0;
				PRODUCT_BUNDLE_IDENTIFIER = sav.AiChatApp;
				PRODUCT_NAME = "$(TARGET_NAME)";
				STRING_CATALOG_GENERATE_SYMBOLS = YES;
				SUPPORTED_PLATFORMS = "iphoneos iphonesimulator";
				SUPPORTS_MACCATALYST = YES;
				SUPPORTS_MAC_DESIGNED_FOR_IPHONE_IPAD = NO;
				SUPPORTS_XR_DESIGNED_FOR_IPHONE_IPAD = NO;
				SWIFT_APPROACHABLE_CONCURRENCY = YES;
				SWIFT_DEFAULT_ACTOR_ISOLATION = MainActor;
				SWIFT_EMIT_LOC_STRINGS = YES;
				SWIFT_UPCOMING_FEATURE_MEMBER_IMPORT_VISIBILITY = YES;
				SWIFT_VERSION = 6.0;
				TARGETED_DEVICE_FAMILY = "1,2";
			};
			name = Release;
		};
		BA7C12EC2F28D61D001A2FF8 /* Debug */ = {
			isa = XCBuildConfiguration;
			buildSettings = {
				BUNDLE_LOADER = "$(TEST_HOST)";
				CODE_SIGN_STYLE = Automatic;
				CURRENT_PROJECT_VERSION = 1;
				GENERATE_INFOPLIST_FILE = YES;
				IPHONEOS_DEPLOYMENT_TARGET = 26.0;
				MARKETING_VERSION = 1.0;
				PRODUCT_BUNDLE_IDENTIFIER = sav.AiChatAppTests;
				PRODUCT_NAME = "$(TARGET_NAME)";
				STRING_CATALOG_GENERATE_SYMBOLS = NO;
				SWIFT_APPROACHABLE_CONCURRENCY = YES;
				SWIFT_EMIT_LOC_STRINGS = NO;
				SWIFT_UPCOMING_FEATURE_MEMBER_IMPORT_VISIBILITY = YES;
				SWIFT_VERSION = 5.0;
				TARGETED_DEVICE_FAMILY = "1,2";
				TEST_HOST = "$(BUILT_PRODUCTS_DIR)/AiChatApp.app/$(BUNDLE_EXECUTABLE_FOLDER_PATH)/AiChatApp";
			};
			name = Debug;
		};
		BA7C12ED2F28D61D001A2FF8 /* Release */ = {
			isa = XCBuildConfiguration;
			buildSettings = {
				BUNDLE_LOADER = "$(TEST_HOST)";
				CODE_SIGN_STYLE = Automatic;
				CURRENT_PROJECT_VERSION = 1;
				GENERATE_INFOPLIST_FILE = YES;
				IPHONEOS_DEPLOYMENT_TARGET = 26.0;
				MARKETING_VERSION = 1.0;
				PRODUCT_BUNDLE_IDENTIFIER = sav.AiChatAppTests;
				PRODUCT_NAME = "$(TARGET_NAME)";
				STRING_CATALOG_GENERATE_SYMBOLS = NO;
				SWIFT_APPROACHABLE_CONCURRENCY = YES;
				SWIFT_EMIT_LOC_STRINGS = NO;
				SWIFT_UPCOMING_FEATURE_MEMBER_IMPORT_VISIBILITY = YES;
				SWIFT_VERSION = 5.0;
				TARGETED_DEVICE_FAMILY = "1,2";
				TEST_HOST = "$(BUILT_PRODUCTS_DIR)/AiChatApp.app/$(BUNDLE_EXECUTABLE_FOLDER_PATH)/AiChatApp";
			};
			name = Release;
		};
		BA7C12EF2F28D61D001A2FF8 /* Debug */ = {
			isa = XCBuildConfiguration;
			buildSettings = {
				CODE_SIGN_STYLE = Automatic;
				CURRENT_PROJECT_VERSION = 1;
				GENERATE_INFOPLIST_FILE = YES;
				MARKETING_VERSION = 1.0;
				PRODUCT_BUNDLE_IDENTIFIER = sav.AiChatAppUITests;
				PRODUCT_NAME = "$(TARGET_NAME)";
				STRING_CATALOG_GENERATE_SYMBOLS = NO;
				SWIFT_APPROACHABLE_CONCURRENCY = YES;
				SWIFT_EMIT_LOC_STRINGS = NO;
				SWIFT_UPCOMING_FEATURE_MEMBER_IMPORT_VISIBILITY = YES;
				SWIFT_VERSION = 5.0;
				TARGETED_DEVICE_FAMILY = "1,2";
				TEST_TARGET_NAME = AiChatApp;
			};
			name = Debug;
		};
		BA7C12F02F28D61D001A2FF8 /* Release */ = {
			isa = XCBuildConfiguration;
			buildSettings = {
				CODE_SIGN_STYLE = Automatic;
				CURRENT_PROJECT_VERSION = 1;
				GENERATE_INFOPLIST_FILE = YES;
				MARKETING_VERSION = 1.0;
				PRODUCT_BUNDLE_IDENTIFIER = sav.AiChatAppUITests;
				PRODUCT_NAME = "$(TARGET_NAME)";
				STRING_CATALOG_GENERATE_SYMBOLS = NO;
				SWIFT_APPROACHABLE_CONCURRENCY = YES;
				SWIFT_EMIT_LOC_STRINGS = NO;
				SWIFT_UPCOMING_FEATURE_MEMBER_IMPORT_VISIBILITY = YES;
				SWIFT_VERSION = 5.0;
				TARGETED_DEVICE_FAMILY = "1,2";
				TEST_TARGET_NAME = AiChatApp;
			};
			name = Release;
		};
/* End XCBuildConfiguration section */

/* Begin XCConfigurationList section */
		BA7C12C22F28D61C001A2FF8 /* Build configuration list for PBXProject "AiChatApp" */ = {
			isa = XCConfigurationList;
			buildConfigurations = (
				BA7C12E62F28D61D001A2FF8 /* Debug */,
				BA7C12E72F28D61D001A2FF8 /* Release */,
			);
			defaultConfigurationIsVisible = 0;
			defaultConfigurationName = Release;
		};
		BA7C12E82F28D61D001A2FF8 /* Build configuration list for PBXNativeTarget "AiChatApp" */ = {
			isa = XCConfigurationList;
			buildConfigurations = (
				BA7C12E92F28D61D001A2FF8 /* Debug */,
				BA7C12EA2F28D61D001A2FF8 /* Release */,
			);
			defaultConfigurationIsVisible = 0;
			defaultConfigurationName = Release;
		};
		BA7C12EB2F28D61D001A2FF8 /* Build configuration list for PBXNativeTarget "AiChatAppTests" */ = {
			isa = XCConfigurationList;
			buildConfigurations = (
				BA7C12EC2F28D61D001A2FF8 /* Debug */,
				BA7C12ED2F28D61D001A2FF8 /* Release */,
			);
			defaultConfigurationIsVisible = 0;
			defaultConfigurationName = Release;
		};
		BA7C12EE2F28D61D001A2FF8 /* Build configuration list for PBXNativeTarget "AiChatAppUITests" */ = {
			isa = XCConfigurationList;
			buildConfigurations = (
				BA7C12EF2F28D61D001A2FF8 /* Debug */,
				BA7C12F02F28D61D001A2FF8 /* Release */,
			);
			defaultConfigurationIsVisible = 0;
			defaultConfigurationName = Release;
		};
/* End XCConfigurationList section */

/* Begin XCRemoteSwiftPackageReference section */
		BA51AB922F4AF0D400FB5259 /* XCRemoteSwiftPackageReference "firebase-ios-sdk" */ = {
			isa = XCRemoteSwiftPackageReference;
			repositoryURL = "https://github.com/firebase/firebase-ios-sdk";
			requirement = {
				kind = upToNextMajorVersion;
				minimumVersion = 12.9.0;
			};
		};
		BA51ABA12F4C191900FB5259 /* XCRemoteSwiftPackageReference "SignInAppleAsync" */ = {
			isa = XCRemoteSwiftPackageReference;
			repositoryURL = "https://github.com/SwiftfulThinking/SignInAppleAsync.git";
			requirement = {
				kind = upToNextMajorVersion;
				minimumVersion = 1.0.2;
			};
		};
		BA973DE02F29FC3400FE89D0 /* XCRemoteSwiftPackageReference "SDWebImageSwiftUI" */ = {
			isa = XCRemoteSwiftPackageReference;
			repositoryURL = "https://github.com/SDWebImage/SDWebImageSwiftUI.git";
			requirement = {
				kind = upToNextMajorVersion;
				minimumVersion = 3.1.4;
			};
		};
/* End XCRemoteSwiftPackageReference section */

/* Begin XCSwiftPackageProductDependency section */
		BA51AB932F4AF0D400FB5259 /* FirebaseAuth */ = {
			isa = XCSwiftPackageProductDependency;
			package = BA51AB922F4AF0D400FB5259 /* XCRemoteSwiftPackageReference "firebase-ios-sdk" */;
			productName = FirebaseAuth;
		};
		BA51ABA22F4C191900FB5259 /* SignInAppleAsync */ = {
			isa = XCSwiftPackageProductDependency;
			package = BA51ABA12F4C191900FB5259 /* XCRemoteSwiftPackageReference "SignInAppleAsync" */;
			productName = SignInAppleAsync;
		};
		BA51ABB22F4EFEF900FB5259 /* FirebaseFirestore */ = {
			isa = XCSwiftPackageProductDependency;
			package = BA51AB922F4AF0D400FB5259 /* XCRemoteSwiftPackageReference "firebase-ios-sdk" */;
			productName = FirebaseFirestore;
		};
		BA973DE12F29FC3400FE89D0 /* SDWebImageSwiftUI */ = {
			isa = XCSwiftPackageProductDependency;
			package = BA973DE02F29FC3400FE89D0 /* XCRemoteSwiftPackageReference "SDWebImageSwiftUI" */;
			productName = SDWebImageSwiftUI;
		};
/* End XCSwiftPackageProductDependency section */
	};
	rootObject = BA7C12BF2F28D61C001A2FF8 /* Project object */;
}
